
Microsoft Visual Studio Solution File, Format Version 12.00
# Visual Studio Version 17
VisualStudioVersion = 17.3.32825.248
MinimumVisualStudioVersion = 10.0.40219.1
Project("{9A19103F-16F7-4668-BE54-9A1E7A4F7556}") = "CompulsoryAssignment", "CompulsoryAssignment\CompulsoryAssignment.csproj", "{8B16D570-F9A7-412E-B1F6-5F8AAE90038D}"
EndProject
Project("{FAE04EC0-301F-11D3-BF4B-00C04F79EFBC}") = "GUI", "GUI\GUI.csproj", "{221190EF-036D-426F-8053-7F192E687241}"
EndProject
Global
	GlobalSection(SolutionConfigurationPlatforms) = preSolution
		Debug|Any CPU = Debug|Any CPU
		Release|Any CPU = Release|Any CPU
	EndGlobalSection
	GlobalSection(ProjectConfigurationPlatforms) = postSolution
		{8B16D570-F9A7-412E-B1F6-5F8AAE90038D}.Debug|Any CPU.ActiveCfg = Debug|Any CPU
		{8B16D570-F9A7-412E-B1F6-5F8AAE90038D}.Debug|Any CPU.Build.0 = Debug|Any CPU
		{8B16D570-F9A7-412E-B1F6-5F8AAE90038D}.Release|Any CPU.ActiveCfg = Release|Any CPU
		{8B16D570-F9A7-412E-B1F6-5F8AAE90038D}.Release|Any CPU.Build.0 = Release|Any CPU
		{221190EF-036D-426F-8053-7F192E687241}.Debug|Any CPU.ActiveCfg = Debug|Any CPU
		{221190EF-036D-426F-8053-7F192E687241}.Debug|Any CPU.Build.0 = Debug|Any CPU
		{221190EF-036D-426F-8053-7F192E687241}.Release|Any CPU.ActiveCfg = Release|Any CPU
		{221190EF-036D-426F-8053-7F192E687241}.Release|Any CPU.Build.0 = Release|Any CPU
	EndGlobalSection
	GlobalSection(SolutionProperties) = preSolution
		HideSolutionNode = FALSE
	EndGlobalSection
	GlobalSection(ExtensibilityGlobals) = postSolution
		SolutionGuid = {1D5B407E-2472-4FEC-A639-623B132425B0}
	EndGlobalSection
EndGlobal
